
Microsoft Visual Studio Solution File, Format Version 12.00
# Visual Studio 15
VisualStudioVersion = 15.0.28307.1321
MinimumVisualStudioVersion = 10.0.40219.1
Project("{FAE04EC0-301F-11D3-BF4B-00C04F79EFBC}") = "WebApiCenubBroyler", "WebApiCenubBroyler\WebApiCenubBroyler.csproj", "{2165F13D-E289-4B7F-9999-AE0F54A73C6A}"
EndProject
Global
	GlobalSection(SolutionConfigurationPlatforms) = preSolution
		Debug|Any CPU = Debug|Any CPU
		Release|Any CPU = Release|Any CPU
	EndGlobalSection
	GlobalSection(ProjectConfigurationPlatforms) = postSolution
		{2165F13D-E289-4B7F-9999-AE0F54A73C6A}.Debug|Any CPU.ActiveCfg = Debug|Any CPU
		{2165F13D-E289-4B7F-9999-AE0F54A73C6A}.Debug|Any CPU.Build.0 = Debug|Any CPU
		{2165F13D-E289-4B7F-9999-AE0F54A73C6A}.Release|Any CPU.ActiveCfg = Release|Any CPU
		{2165F13D-E289-4B7F-9999-AE0F54A73C6A}.Release|Any CPU.Build.0 = Release|Any CPU
	EndGlobalSection
	GlobalSection(SolutionProperties) = preSolution
		HideSolutionNode = FALSE
	EndGlobalSection
	GlobalSection(ExtensibilityGlobals) = postSolution
		SolutionGuid = {5C78A899-AFF0-40E8-B5ED-1352655B14A1}
	EndGlobalSection
EndGlobal
